
Microsoft Visual Studio Solution File, Format Version 12.00
# Visual Studio 2013
VisualStudioVersion = 12.0.30723.0
MinimumVisualStudioVersion = 10.0.40219.1
Project("{FAE04EC0-301F-11D3-BF4B-00C04F79EFBC}") = "Wwc.MsExcel", "Wwc.MsExcel\Wwc.MsExcel.csproj", "{1A30D930-2EEB-4FA0-8008-B7B41B90A019}"
EndProject
Project("{FAE04EC0-301F-11D3-BF4B-00C04F79EFBC}") = "Wwc.MsExcel.Try", "Wwc.MsExcel.Try\Wwc.MsExcel.Try.csproj", "{C8363029-E6BB-40EA-A8CE-5B8105870DF7}"
EndProject
Global
	GlobalSection(SolutionConfigurationPlatforms) = preSolution
		Debug|Any CPU = Debug|Any CPU
		Release|Any CPU = Release|Any CPU
	EndGlobalSection
	GlobalSection(ProjectConfigurationPlatforms) = postSolution
		{1A30D930-2EEB-4FA0-8008-B7B41B90A019}.Debug|Any CPU.ActiveCfg = Debug|Any CPU
		{1A30D930-2EEB-4FA0-8008-B7B41B90A019}.Debug|Any CPU.Build.0 = Debug|Any CPU
		{1A30D930-2EEB-4FA0-8008-B7B41B90A019}.Release|Any CPU.ActiveCfg = Release|Any CPU
		{1A30D930-2EEB-4FA0-8008-B7B41B90A019}.Release|Any CPU.Build.0 = Release|Any CPU
		{C8363029-E6BB-40EA-A8CE-5B8105870DF7}.Debug|Any CPU.ActiveCfg = Debug|Any CPU
		{C8363029-E6BB-40EA-A8CE-5B8105870DF7}.Debug|Any CPU.Build.0 = Debug|Any CPU
		{C8363029-E6BB-40EA-A8CE-5B8105870DF7}.Release|Any CPU.ActiveCfg = Release|Any CPU
		{C8363029-E6BB-40EA-A8CE-5B8105870DF7}.Release|Any CPU.Build.0 = Release|Any CPU
	EndGlobalSection
	GlobalSection(SolutionProperties) = preSolution
		HideSolutionNode = FALSE
	EndGlobalSection
EndGlobal
